
Microsoft Visual Studio Solution File, Format Version 12.00
# Visual Studio Version 17
VisualStudioVersion = 17.6.33815.320
MinimumVisualStudioVersion = 10.0.40219.1
Project("{FAE04EC0-301F-11D3-BF4B-00C04F79EFBC}") = "Dd", "Dd\Dd.csproj", "{44FD53CB-E443-44A9-A443-A32B472758AD}"
EndProject
Global
	GlobalSection(SolutionConfigurationPlatforms) = preSolution
		Debug|Any CPU = Debug|Any CPU
		Release|Any CPU = Release|Any CPU
	EndGlobalSection
	GlobalSection(ProjectConfigurationPlatforms) = postSolution
		{44FD53CB-E443-44A9-A443-A32B472758AD}.Debug|Any CPU.ActiveCfg = Debug|Any CPU
		{44FD53CB-E443-44A9-A443-A32B472758AD}.Debug|Any CPU.Build.0 = Debug|Any CPU
		{44FD53CB-E443-44A9-A443-A32B472758AD}.Release|Any CPU.ActiveCfg = Release|Any CPU
		{44FD53CB-E443-44A9-A443-A32B472758AD}.Release|Any CPU.Build.0 = Release|Any CPU
	EndGlobalSection
	GlobalSection(SolutionProperties) = preSolution
		HideSolutionNode = FALSE
	EndGlobalSection
	GlobalSection(ExtensibilityGlobals) = postSolution
		SolutionGuid = {D4D855B7-DF9E-40C4-B4B8-EFE203A1C629}
	EndGlobalSection
EndGlobal
